
Microsoft Visual Studio Solution File, Format Version 12.00
# Visual Studio Version 17
VisualStudioVersion = 17.8.34525.116
MinimumVisualStudioVersion = 10.0.40219.1
Project("{9A19103F-16F7-4668-BE54-9A1E7A4F7556}") = "WebP1", "WebP1\WebP1.csproj", "{80ED9B56-2033-4BB6-A408-E56AD5C33484}"
EndProject
Global
	GlobalSection(SolutionConfigurationPlatforms) = preSolution
		Debug|Any CPU = Debug|Any CPU
		Release|Any CPU = Release|Any CPU
	EndGlobalSection
	GlobalSection(ProjectConfigurationPlatforms) = postSolution
		{80ED9B56-2033-4BB6-A408-E56AD5C33484}.Debug|Any CPU.ActiveCfg = Debug|Any CPU
		{80ED9B56-2033-4BB6-A408-E56AD5C33484}.Debug|Any CPU.Build.0 = Debug|Any CPU
		{80ED9B56-2033-4BB6-A408-E56AD5C33484}.Release|Any CPU.ActiveCfg = Release|Any CPU
		{80ED9B56-2033-4BB6-A408-E56AD5C33484}.Release|Any CPU.Build.0 = Release|Any CPU
	EndGlobalSection
	GlobalSection(SolutionProperties) = preSolution
		HideSolutionNode = FALSE
	EndGlobalSection
	GlobalSection(ExtensibilityGlobals) = postSolution
		SolutionGuid = {4ECFC4C0-5A15-41AD-A919-F13AF836E42E}
	EndGlobalSection
EndGlobal
