
Microsoft Visual Studio Solution File, Format Version 12.00
# Visual Studio Version 17
VisualStudioVersion = 17.8.34525.116
MinimumVisualStudioVersion = 10.0.40219.1
Project("{FAE04EC0-301F-11D3-BF4B-00C04F79EFBC}") = "Test_Web", "Test_Web\Test_Web.csproj", "{C1BAA2CE-6B0B-4F18-9371-259AE77212DD}"
EndProject
Global
	GlobalSection(SolutionConfigurationPlatforms) = preSolution
		Debug|Any CPU = Debug|Any CPU
		Release|Any CPU = Release|Any CPU
	EndGlobalSection
	GlobalSection(ProjectConfigurationPlatforms) = postSolution
		{C1BAA2CE-6B0B-4F18-9371-259AE77212DD}.Debug|Any CPU.ActiveCfg = Debug|Any CPU
		{C1BAA2CE-6B0B-4F18-9371-259AE77212DD}.Debug|Any CPU.Build.0 = Debug|Any CPU
		{C1BAA2CE-6B0B-4F18-9371-259AE77212DD}.Release|Any CPU.ActiveCfg = Release|Any CPU
		{C1BAA2CE-6B0B-4F18-9371-259AE77212DD}.Release|Any CPU.Build.0 = Release|Any CPU
	EndGlobalSection
	GlobalSection(SolutionProperties) = preSolution
		HideSolutionNode = FALSE
	EndGlobalSection
	GlobalSection(ExtensibilityGlobals) = postSolution
		SolutionGuid = {0DCFA2CC-C4C4-4AD4-9772-9EB8BAC5D5AA}
	EndGlobalSection
EndGlobal
